<Solution>
  <Project Path="../ChatApp.Backend.Tests/ChatApp.Backend.Tests.csproj" Id="b8d4a6a5-7c50-44e1-b305-13bed5139857" />
  <Project Path="../ChatApp.Backend/ChatApp.Backend.csproj" />
  <Project Path="../ChatAppFrontEndAvalonia/ChatAppFrontEnd.Browser/ChatAppFrontEnd.Browser.csproj" />
  <Project Path="../ChatAppFrontEndAvalonia/ChatAppFrontEnd.Desktop/ChatAppFrontEnd.Desktop.csproj" />
  <Project Path="../ChatAppFrontEndAvalonia/ChatAppFrontend.Tests/ChatAppFrontend.Tests.csproj" Id="b39744d1-3429-40ef-94c5-b874d0bf7fd9" />
  <Project Path="../ChatAppFrontEndAvalonia/ChatAppFrontEnd/ChatAppFrontEnd.csproj" />
  <Project Path="../SignalRServer/ChatAppSignalRServer/ChatAppSignalRServer.csproj" />
  <Project Path="ChatApp.Shared/ChatApp.Shared.csproj" Id="bf45c5d6-4b13-46be-92bf-43fd90ed134b" />
  <Project Path="ChatApp.AppHost/ChatApp.AppHost.csproj" Id="da4418ec-ec22-4d50-96d2-a972f4f425d3" />
  <Project Path="ChatApp.ServiceDefaults/ChatApp.ServiceDefaults.csproj" Id="85b2221c-f928-4dc5-96ab-b5d3371c46f0" />
</Solution>
