
Microsoft Visual Studio Solution File, Format Version 12.00
# Visual Studio Version 18
VisualStudioVersion = 18.2.11415.280 d18.0
MinimumVisualStudioVersion = 10.0.40219.1
Project("{FAE04EC0-301F-11D3-BF4B-00C04F79EFBC}") = "ChatAppFrontEnd", "ChatAppFrontEnd\ChatAppFrontEnd.csproj", "{BFF096EE-7B1B-45BA-A3F0-6DC88D055C11}"
EndProject
Project("{FAE04EC0-301F-11D3-BF4B-00C04F79EFBC}") = "ChatAppFrontEnd.Desktop", "ChatAppFrontEnd.Desktop\ChatAppFrontEnd.Desktop.csproj", "{B3BDBD9A-34E1-4C61-9F69-086138F66325}"
EndProject
Project("{FAE04EC0-301F-11D3-BF4B-00C04F79EFBC}") = "ChatAppFrontEnd.Browser", "ChatAppFrontEnd.Browser\ChatAppFrontEnd.Browser.csproj", "{C249AA8B-7102-44CF-985B-48043336062A}"
EndProject
Global
	GlobalSection(SolutionConfigurationPlatforms) = preSolution
		Debug|Any CPU = Debug|Any CPU
		Release|Any CPU = Release|Any CPU
	EndGlobalSection
	GlobalSection(ProjectConfigurationPlatforms) = postSolution
		{BFF096EE-7B1B-45BA-A3F0-6DC88D055C11}.Debug|Any CPU.ActiveCfg = Debug|Any CPU
		{BFF096EE-7B1B-45BA-A3F0-6DC88D055C11}.Debug|Any CPU.Build.0 = Debug|Any CPU
		{BFF096EE-7B1B-45BA-A3F0-6DC88D055C11}.Release|Any CPU.ActiveCfg = Release|Any CPU
		{BFF096EE-7B1B-45BA-A3F0-6DC88D055C11}.Release|Any CPU.Build.0 = Release|Any CPU
		{B3BDBD9A-34E1-4C61-9F69-086138F66325}.Debug|Any CPU.ActiveCfg = Debug|Any CPU
		{B3BDBD9A-34E1-4C61-9F69-086138F66325}.Debug|Any CPU.Build.0 = Debug|Any CPU
		{B3BDBD9A-34E1-4C61-9F69-086138F66325}.Release|Any CPU.ActiveCfg = Release|Any CPU
		{B3BDBD9A-34E1-4C61-9F69-086138F66325}.Release|Any CPU.Build.0 = Release|Any CPU
		{C249AA8B-7102-44CF-985B-48043336062A}.Debug|Any CPU.ActiveCfg = Debug|Any CPU
		{C249AA8B-7102-44CF-985B-48043336062A}.Debug|Any CPU.Build.0 = Debug|Any CPU
		{C249AA8B-7102-44CF-985B-48043336062A}.Release|Any CPU.ActiveCfg = Release|Any CPU
		{C249AA8B-7102-44CF-985B-48043336062A}.Release|Any CPU.Build.0 = Release|Any CPU
	EndGlobalSection
	GlobalSection(SolutionProperties) = preSolution
		HideSolutionNode = FALSE
	EndGlobalSection
EndGlobal
