
Microsoft Visual Studio Solution File, Format Version 12.00
Project("{FAE04EC0-301F-11D3-BF4B-00C04F79EFBC}") = "ChatAppFrontEnd", "ChatAppFrontEnd\ChatAppFrontEnd.csproj", "{BFF096EE-7B1B-45BA-A3F0-6DC88D055C11}"
EndProject
Project("{FAE04EC0-301F-11D3-BF4B-00C04F79EFBC}") = "ChatAppFrontEnd.Android", "ChatAppFrontEnd.Android\ChatAppFrontEnd.Android.csproj", "{61216FE8-15B9-4BFA-B366-89ECA6EBF9BB}"
EndProject
Project("{FAE04EC0-301F-11D3-BF4B-00C04F79EFBC}") = "ChatAppFrontEnd.Desktop", "ChatAppFrontEnd.Desktop\ChatAppFrontEnd.Desktop.csproj", "{B3BDBD9A-34E1-4C61-9F69-086138F66325}"
EndProject
Project("{FAE04EC0-301F-11D3-BF4B-00C04F79EFBC}") = "ChatAppFrontEnd.iOS", "ChatAppFrontEnd.iOS\ChatAppFrontEnd.iOS.csproj", "{B3DE801F-5933-469F-93DA-BF83D37374A5}"
EndProject
Project("{FAE04EC0-301F-11D3-BF4B-00C04F79EFBC}") = "ChatAppFrontEnd.Browser", "ChatAppFrontEnd.Browser\ChatAppFrontEnd.Browser.csproj", "{C249AA8B-7102-44CF-985B-48043336062A}"
EndProject
Global
	GlobalSection(SolutionConfigurationPlatforms) = preSolution
		Debug|Any CPU = Debug|Any CPU
		Release|Any CPU = Release|Any CPU
	EndGlobalSection
	GlobalSection(ProjectConfigurationPlatforms) = postSolution
		{BFF096EE-7B1B-45BA-A3F0-6DC88D055C11}.Debug|Any CPU.ActiveCfg = Debug|Any CPU
		{BFF096EE-7B1B-45BA-A3F0-6DC88D055C11}.Debug|Any CPU.Build.0 = Debug|Any CPU
		{BFF096EE-7B1B-45BA-A3F0-6DC88D055C11}.Release|Any CPU.ActiveCfg = Release|Any CPU
		{BFF096EE-7B1B-45BA-A3F0-6DC88D055C11}.Release|Any CPU.Build.0 = Release|Any CPU
		{61216FE8-15B9-4BFA-B366-89ECA6EBF9BB}.Debug|Any CPU.ActiveCfg = Debug|Any CPU
		{61216FE8-15B9-4BFA-B366-89ECA6EBF9BB}.Debug|Any CPU.Build.0 = Debug|Any CPU
		{61216FE8-15B9-4BFA-B366-89ECA6EBF9BB}.Debug|Any CPU.Deploy.0 = Debug|Any CPU
		{61216FE8-15B9-4BFA-B366-89ECA6EBF9BB}.Release|Any CPU.ActiveCfg = Release|Any CPU
		{61216FE8-15B9-4BFA-B366-89ECA6EBF9BB}.Release|Any CPU.Build.0 = Release|Any CPU
		{61216FE8-15B9-4BFA-B366-89ECA6EBF9BB}.Release|Any CPU.Deploy.0 = Release|Any CPU
		{B3BDBD9A-34E1-4C61-9F69-086138F66325}.Debug|Any CPU.ActiveCfg = Debug|Any CPU
		{B3BDBD9A-34E1-4C61-9F69-086138F66325}.Debug|Any CPU.Build.0 = Debug|Any CPU
		{B3BDBD9A-34E1-4C61-9F69-086138F66325}.Release|Any CPU.ActiveCfg = Release|Any CPU
		{B3BDBD9A-34E1-4C61-9F69-086138F66325}.Release|Any CPU.Build.0 = Release|Any CPU
		{B3DE801F-5933-469F-93DA-BF83D37374A5}.Debug|Any CPU.ActiveCfg = Debug|Any CPU
		{B3DE801F-5933-469F-93DA-BF83D37374A5}.Debug|Any CPU.Build.0 = Debug|Any CPU
		{B3DE801F-5933-469F-93DA-BF83D37374A5}.Debug|Any CPU.Deploy.0 = Debug|Any CPU
		{B3DE801F-5933-469F-93DA-BF83D37374A5}.Release|Any CPU.ActiveCfg = Release|Any CPU
		{B3DE801F-5933-469F-93DA-BF83D37374A5}.Release|Any CPU.Build.0 = Release|Any CPU
		{B3DE801F-5933-469F-93DA-BF83D37374A5}.Release|Any CPU.Deploy.0 = Release|Any CPU
		{C249AA8B-7102-44CF-985B-48043336062A}.Debug|Any CPU.ActiveCfg = Debug|Any CPU
		{C249AA8B-7102-44CF-985B-48043336062A}.Debug|Any CPU.Build.0 = Debug|Any CPU
		{C249AA8B-7102-44CF-985B-48043336062A}.Release|Any CPU.ActiveCfg = Release|Any CPU
		{C249AA8B-7102-44CF-985B-48043336062A}.Release|Any CPU.Build.0 = Release|Any CPU
	EndGlobalSection
EndGlobal
